
Microsoft Visual Studio Solution File, Format Version 12.00
# Visual Studio Version 16
VisualStudioVersion = 16.0.31729.503
MinimumVisualStudioVersion = 10.0.40219.1
Project("{FAE04EC0-301F-11D3-BF4B-00C04F79EFBC}") = "ViewModelExam", "ViewModelExam\ViewModelExam.csproj", "{BD397B39-5132-4884-B3C3-FCDC0A6B5100}"
EndProject
Global
	GlobalSection(SolutionConfigurationPlatforms) = preSolution
		Debug|Any CPU = Debug|Any CPU
		Release|Any CPU = Release|Any CPU
	EndGlobalSection
	GlobalSection(ProjectConfigurationPlatforms) = postSolution
		{BD397B39-5132-4884-B3C3-FCDC0A6B5100}.Debug|Any CPU.ActiveCfg = Debug|Any CPU
		{BD397B39-5132-4884-B3C3-FCDC0A6B5100}.Debug|Any CPU.Build.0 = Debug|Any CPU
		{BD397B39-5132-4884-B3C3-FCDC0A6B5100}.Release|Any CPU.ActiveCfg = Release|Any CPU
		{BD397B39-5132-4884-B3C3-FCDC0A6B5100}.Release|Any CPU.Build.0 = Release|Any CPU
	EndGlobalSection
	GlobalSection(SolutionProperties) = preSolution
		HideSolutionNode = FALSE
	EndGlobalSection
	GlobalSection(ExtensibilityGlobals) = postSolution
		SolutionGuid = {655CFE75-EA3F-464D-BA8E-858D620A3476}
	EndGlobalSection
EndGlobal
